# THIS IS AN AUTOGENERATED FILE. DO NOT EDIT THIS FILE DIRECTLY.
# yarn lockfile v1
vue:
  version "2.0.5"
  resolved "https://registry.yarnpkg.com/vue/-/vue-2.0.5.tgz#b99dc7180a802d1148a508db3d84b52c09b5ca8e"

vue-resource:
  version "1.0.3"
  resolved "https://registry.yarnpkg.com/vue-resource/-/vue-resource-1.0.3.tgz#8d52d0d8a9ed5f2ae704c68d530c84ceaf97be14"

